// !$*UTF8*$!
{
	archiveVersion = 1;
	classes = {
	};
	objectVersion = 51;
	objects = {

/* Begin PBXBuildFile section */
		5E0591E3239F26170075E8F3 /* SearchParser.swift in Sources */ = {isa = PBXBuildFile; fileRef = 5E0591E2239F26170075E8F3 /* SearchParser.swift */; };
		5E0591E5239F26920075E8F3 /* SearchData.swift in Sources */ = {isa = PBXBuildFile; fileRef = 5E0591E4239F26920075E8F3 /* SearchData.swift */; };
		5E0591E7239F32610075E8F3 /* waffleHouseSearch.json in Resources */ = {isa = PBXBuildFile; fileRef = 5E0591E6239F32610075E8F3 /* waffleHouseSearch.json */; };
		5E0591E9239F46EB0075E8F3 /* YelpAPI.swift in Sources */ = {isa = PBXBuildFile; fileRef = 5E0591E8239F46EB0075E8F3 /* YelpAPI.swift */; };
		5E11A83A239F0BDE0046244A /* AppDelegate.swift in Sources */ = {isa = PBXBuildFile; fileRef = 5E11A839239F0BDE0046244A /* AppDelegate.swift */; };
		5E11A83C239F0BDE0046244A /* SceneDelegate.swift in Sources */ = {isa = PBXBuildFile; fileRef = 5E11A83B239F0BDE0046244A /* SceneDelegate.swift */; };
		5E11A83E239F0BDE0046244A /* ViewController.swift in Sources */ = {isa = PBXBuildFile; fileRef = 5E11A83D239F0BDE0046244A /* ViewController.swift */; };
		5E11A841239F0BDE0046244A /* Main.storyboard in Resources */ = {isa = PBXBuildFile; fileRef = 5E11A83F239F0BDE0046244A /* Main.storyboard */; };
		5E11A844239F0BDE0046244A /* WaffleHouseSearch.xcdatamodeld in Sources */ = {isa = PBXBuildFile; fileRef = 5E11A842239F0BDE0046244A /* WaffleHouseSearch.xcdatamodeld */; };
		5E11A846239F0BE10046244A /* Assets.xcassets in Resources */ = {isa = PBXBuildFile; fileRef = 5E11A845239F0BE10046244A /* Assets.xcassets */; };
		5E11A849239F0BE10046244A /* LaunchScreen.storyboard in Resources */ = {isa = PBXBuildFile; fileRef = 5E11A847239F0BE10046244A /* LaunchScreen.storyboard */; };
		5E11A854239F0BE20046244A /* WaffleHouseSearchTests.swift in Sources */ = {isa = PBXBuildFile; fileRef = 5E11A853239F0BE20046244A /* WaffleHouseSearchTests.swift */; };
		5E11A85F239F0BE20046244A /* WaffleHouseSearchUITests.swift in Sources */ = {isa = PBXBuildFile; fileRef = 5E11A85E239F0BE20046244A /* WaffleHouseSearchUITests.swift */; };
		5E11A86D239F1A4D0046244A /* YelpURLs.swift in Sources */ = {isa = PBXBuildFile; fileRef = 5E11A86C239F1A4D0046244A /* YelpURLs.swift */; };
		5E11A86F239F1D7A0046244A /* NetworkController.swift in Sources */ = {isa = PBXBuildFile; fileRef = 5E11A86E239F1D7A0046244A /* NetworkController.swift */; };
		5E3C7D1523A6A76800F3C024 /* RatingView.xib in Resources */ = {isa = PBXBuildFile; fileRef = 5E3C7D1423A6A76800F3C024 /* RatingView.xib */; };
		5E3C7D1723A6BC4300F3C024 /* RatingView.swift in Sources */ = {isa = PBXBuildFile; fileRef = 5E3C7D1623A6BC4300F3C024 /* RatingView.swift */; };
		5E3C7D1923A6D34A00F3C024 /* chick-fil-a_onSunday.json in Resources */ = {isa = PBXBuildFile; fileRef = 5E3C7D1823A6D34A00F3C024 /* chick-fil-a_onSunday.json */; };
		5E3C7D1D23A6DA8600F3C024 /* DetailData.swift in Sources */ = {isa = PBXBuildFile; fileRef = 5E3C7D1C23A6DA8600F3C024 /* DetailData.swift */; };
		5E3C7D1F23A6DDED00F3C024 /* chick-fil-a_Detail.json in Resources */ = {isa = PBXBuildFile; fileRef = 5E3C7D1E23A6DDED00F3C024 /* chick-fil-a_Detail.json */; };
		5E3C7D2123A6DED200F3C024 /* DetailParser.swift in Sources */ = {isa = PBXBuildFile; fileRef = 5E3C7D2023A6DED200F3C024 /* DetailParser.swift */; };
		5E3C7D2323A6E00E00F3C024 /* DetailParserTest.swift in Sources */ = {isa = PBXBuildFile; fileRef = 5E3C7D2223A6E00E00F3C024 /* DetailParserTest.swift */; };
		5E3C7D2523A6E4F900F3C024 /* waffleHouse_Detail.json in Resources */ = {isa = PBXBuildFile; fileRef = 5E3C7D2423A6E4F900F3C024 /* waffleHouse_Detail.json */; };
		5E3C7D2923A7062A00F3C024 /* Date_Exctension.swift in Sources */ = {isa = PBXBuildFile; fileRef = 5E3C7D2823A7062A00F3C024 /* Date_Exctension.swift */; };
		5E3C7D2B23A7069E00F3C024 /* DateExtensionTests.swift in Sources */ = {isa = PBXBuildFile; fileRef = 5E3C7D2A23A7069E00F3C024 /* DateExtensionTests.swift */; };
		5E50C3B323A610D700C4F339 /* DetailViewController.swift in Sources */ = {isa = PBXBuildFile; fileRef = 5E50C3B223A610D700C4F339 /* DetailViewController.swift */; };
		5E50C3B723A6265100C4F339 /* ImageLoader.swift in Sources */ = {isa = PBXBuildFile; fileRef = 5E50C3B623A6265100C4F339 /* ImageLoader.swift */; };
		5E54442123A46983005A2113 /* YelpSearchViewController.swift in Sources */ = {isa = PBXBuildFile; fileRef = 5E54442023A46983005A2113 /* YelpSearchViewController.swift */; };
		5ECECB0E23A4993100B2E486 /* YelpSearcher.swift in Sources */ = {isa = PBXBuildFile; fileRef = 5ECECB0D23A4993100B2E486 /* YelpSearcher.swift */; };
		5ECECB1023A5349800B2E486 /* ParallaxViewController.swift in Sources */ = {isa = PBXBuildFile; fileRef = 5ECECB0F23A5349800B2E486 /* ParallaxViewController.swift */; };
		5ECECB1223A57DF000B2E486 /* ParallaxVerticalViewController.swift in Sources */ = {isa = PBXBuildFile; fileRef = 5ECECB1123A57DF000B2E486 /* ParallaxVerticalViewController.swift */; };
		5ECECB1423A5802000B2E486 /* ImageTableViewCell.swift in Sources */ = {isa = PBXBuildFile; fileRef = 5ECECB1323A5802000B2E486 /* ImageTableViewCell.swift */; };
		6648AA76ACC62FB1B879E3D0 /* Pods_WaffleHouseSearch.framework in Frameworks */ = {isa = PBXBuildFile; fileRef = B5F3AC5A63BC86A0F28B7422 /* Pods_WaffleHouseSearch.framework */; };
		784621A1BB510575EB7AA610 /* Pods_WaffleHouseSearchTests.framework in Frameworks */ = {isa = PBXBuildFile; fileRef = 799C826EA9848E88E27B3741 /* Pods_WaffleHouseSearchTests.framework */; };
		BC1E3A8DDB7C0F6C1686C5EF /* Pods_WaffleHouseSearch_WaffleHouseSearchUITests.framework in Frameworks */ = {isa = PBXBuildFile; fileRef = 5E52234FD7DBFF25FB41BAB8 /* Pods_WaffleHouseSearch_WaffleHouseSearchUITests.framework */; };
/* End PBXBuildFile section */

/* Begin PBXContainerItemProxy section */
		5E11A850239F0BE20046244A /* PBXContainerItemProxy */ = {
			isa = PBXContainerItemProxy;
			containerPortal = 5E11A82E239F0BDD0046244A /* Project object */;
			proxyType = 1;
			remoteGlobalIDString = 5E11A835239F0BDE0046244A;
			remoteInfo = WaffleHouseSearch;
		};
		5E11A85B239F0BE20046244A /* PBXContainerItemProxy */ = {
			isa = PBXContainerItemProxy;
			containerPortal = 5E11A82E239F0BDD0046244A /* Project object */;
			proxyType = 1;
			remoteGlobalIDString = 5E11A835239F0BDE0046244A;
			remoteInfo = WaffleHouseSearch;
		};
/* End PBXContainerItemProxy section */

/* Begin PBXFileReference section */
		0B5C8854D2B73E904A935B1C /* Pods-WaffleHouseSearchTests.release.xcconfig */ = {isa = PBXFileReference; includeInIndex = 1; lastKnownFileType = text.xcconfig; name = "Pods-WaffleHouseSearchTests.release.xcconfig"; path = "Target Support Files/Pods-WaffleHouseSearchTests/Pods-WaffleHouseSearchTests.release.xcconfig"; sourceTree = "<group>"; };
		2D3AC569E0FFC9440C445795 /* Pods-WaffleHouseSearch-WaffleHouseSearchUITests.release.xcconfig */ = {isa = PBXFileReference; includeInIndex = 1; lastKnownFileType = text.xcconfig; name = "Pods-WaffleHouseSearch-WaffleHouseSearchUITests.release.xcconfig"; path = "Target Support Files/Pods-WaffleHouseSearch-WaffleHouseSearchUITests/Pods-WaffleHouseSearch-WaffleHouseSearchUITests.release.xcconfig"; sourceTree = "<group>"; };
		5E0591E2239F26170075E8F3 /* SearchParser.swift */ = {isa = PBXFileReference; lastKnownFileType = sourcecode.swift; path = SearchParser.swift; sourceTree = "<group>"; };
		5E0591E4239F26920075E8F3 /* SearchData.swift */ = {isa = PBXFileReference; lastKnownFileType = sourcecode.swift; path = SearchData.swift; sourceTree = "<group>"; };
		5E0591E6239F32610075E8F3 /* waffleHouseSearch.json */ = {isa = PBXFileReference; fileEncoding = 4; lastKnownFileType = text.json; name = waffleHouseSearch.json; path = testData/waffleHouseSearch.json; sourceTree = SOURCE_ROOT; };
		5E0591E8239F46EB0075E8F3 /* YelpAPI.swift */ = {isa = PBXFileReference; lastKnownFileType = sourcecode.swift; path = YelpAPI.swift; sourceTree = "<group>"; };
		5E11A836239F0BDE0046244A /* WaffleHouseSearch.app */ = {isa = PBXFileReference; explicitFileType = wrapper.application; includeInIndex = 0; path = WaffleHouseSearch.app; sourceTree = BUILT_PRODUCTS_DIR; };
		5E11A839239F0BDE0046244A /* AppDelegate.swift */ = {isa = PBXFileReference; lastKnownFileType = sourcecode.swift; path = AppDelegate.swift; sourceTree = "<group>"; };
		5E11A83B239F0BDE0046244A /* SceneDelegate.swift */ = {isa = PBXFileReference; lastKnownFileType = sourcecode.swift; path = SceneDelegate.swift; sourceTree = "<group>"; };
		5E11A83D239F0BDE0046244A /* ViewController.swift */ = {isa = PBXFileReference; lastKnownFileType = sourcecode.swift; path = ViewController.swift; sourceTree = "<group>"; };
		5E11A840239F0BDE0046244A /* Base */ = {isa = PBXFileReference; lastKnownFileType = file.storyboard; name = Base; path = Base.lproj/Main.storyboard; sourceTree = "<group>"; };
		5E11A843239F0BDE0046244A /* WaffleHouseSearch.xcdatamodel */ = {isa = PBXFileReference; lastKnownFileType = wrapper.xcdatamodel; path = WaffleHouseSearch.xcdatamodel; sourceTree = "<group>"; };
		5E11A845239F0BE10046244A /* Assets.xcassets */ = {isa = PBXFileReference; lastKnownFileType = folder.assetcatalog; path = Assets.xcassets; sourceTree = "<group>"; };
		5E11A848239F0BE10046244A /* Base */ = {isa = PBXFileReference; lastKnownFileType = file.storyboard; name = Base; path = Base.lproj/LaunchScreen.storyboard; sourceTree = "<group>"; };
		5E11A84A239F0BE10046244A /* Info.plist */ = {isa = PBXFileReference; lastKnownFileType = text.plist.xml; path = Info.plist; sourceTree = "<group>"; };
		5E11A84F239F0BE20046244A /* WaffleHouseSearchTests.xctest */ = {isa = PBXFileReference; explicitFileType = wrapper.cfbundle; includeInIndex = 0; path = WaffleHouseSearchTests.xctest; sourceTree = BUILT_PRODUCTS_DIR; };
		5E11A853239F0BE20046244A /* WaffleHouseSearchTests.swift */ = {isa = PBXFileReference; lastKnownFileType = sourcecode.swift; path = WaffleHouseSearchTests.swift; sourceTree = "<group>"; };
		5E11A855239F0BE20046244A /* Info.plist */ = {isa = PBXFileReference; lastKnownFileType = text.plist.xml; path = Info.plist; sourceTree = "<group>"; };
		5E11A85A239F0BE20046244A /* WaffleHouseSearchUITests.xctest */ = {isa = PBXFileReference; explicitFileType = wrapper.cfbundle; includeInIndex = 0; path = WaffleHouseSearchUITests.xctest; sourceTree = BUILT_PRODUCTS_DIR; };
		5E11A85E239F0BE20046244A /* WaffleHouseSearchUITests.swift */ = {isa = PBXFileReference; lastKnownFileType = sourcecode.swift; path = WaffleHouseSearchUITests.swift; sourceTree = "<group>"; };
		5E11A860239F0BE20046244A /* Info.plist */ = {isa = PBXFileReference; lastKnownFileType = text.plist.xml; path = Info.plist; sourceTree = "<group>"; };
		5E11A86C239F1A4D0046244A /* YelpURLs.swift */ = {isa = PBXFileReference; lastKnownFileType = sourcecode.swift; path = YelpURLs.swift; sourceTree = "<group>"; };
		5E11A86E239F1D7A0046244A /* NetworkController.swift */ = {isa = PBXFileReference; lastKnownFileType = sourcecode.swift; path = NetworkController.swift; sourceTree = "<group>"; };
		5E3C7D1423A6A76800F3C024 /* RatingView.xib */ = {isa = PBXFileReference; lastKnownFileType = file.xib; path = RatingView.xib; sourceTree = "<group>"; };
		5E3C7D1623A6BC4300F3C024 /* RatingView.swift */ = {isa = PBXFileReference; lastKnownFileType = sourcecode.swift; path = RatingView.swift; sourceTree = "<group>"; };
		5E3C7D1823A6D34A00F3C024 /* chick-fil-a_onSunday.json */ = {isa = PBXFileReference; fileEncoding = 4; lastKnownFileType = text.json; name = "chick-fil-a_onSunday.json"; path = "testData/chick-fil-a_onSunday.json"; sourceTree = SOURCE_ROOT; };
		5E3C7D1C23A6DA8600F3C024 /* DetailData.swift */ = {isa = PBXFileReference; lastKnownFileType = sourcecode.swift; path = DetailData.swift; sourceTree = "<group>"; };
		5E3C7D1E23A6DDED00F3C024 /* chick-fil-a_Detail.json */ = {isa = PBXFileReference; fileEncoding = 4; lastKnownFileType = text.json; name = "chick-fil-a_Detail.json"; path = "testData/chick-fil-a_Detail.json"; sourceTree = SOURCE_ROOT; };
		5E3C7D2023A6DED200F3C024 /* DetailParser.swift */ = {isa = PBXFileReference; lastKnownFileType = sourcecode.swift; path = DetailParser.swift; sourceTree = "<group>"; };
		5E3C7D2223A6E00E00F3C024 /* DetailParserTest.swift */ = {isa = PBXFileReference; lastKnownFileType = sourcecode.swift; path = DetailParserTest.swift; sourceTree = "<group>"; };
		5E3C7D2423A6E4F900F3C024 /* waffleHouse_Detail.json */ = {isa = PBXFileReference; fileEncoding = 4; lastKnownFileType = text.json; name = waffleHouse_Detail.json; path = testData/waffleHouse_Detail.json; sourceTree = SOURCE_ROOT; };
		5E3C7D2823A7062A00F3C024 /* Date_Exctension.swift */ = {isa = PBXFileReference; lastKnownFileType = sourcecode.swift; path = Date_Exctension.swift; sourceTree = "<group>"; };
		5E3C7D2A23A7069E00F3C024 /* DateExtensionTests.swift */ = {isa = PBXFileReference; lastKnownFileType = sourcecode.swift; path = DateExtensionTests.swift; sourceTree = "<group>"; };
		5E50C3B223A610D700C4F339 /* DetailViewController.swift */ = {isa = PBXFileReference; lastKnownFileType = sourcecode.swift; path = DetailViewController.swift; sourceTree = "<group>"; };
		5E50C3B623A6265100C4F339 /* ImageLoader.swift */ = {isa = PBXFileReference; lastKnownFileType = sourcecode.swift; path = ImageLoader.swift; sourceTree = "<group>"; };
		5E52234FD7DBFF25FB41BAB8 /* Pods_WaffleHouseSearch_WaffleHouseSearchUITests.framework */ = {isa = PBXFileReference; explicitFileType = wrapper.framework; includeInIndex = 0; path = Pods_WaffleHouseSearch_WaffleHouseSearchUITests.framework; sourceTree = BUILT_PRODUCTS_DIR; };
		5E54442023A46983005A2113 /* YelpSearchViewController.swift */ = {isa = PBXFileReference; lastKnownFileType = sourcecode.swift; path = YelpSearchViewController.swift; sourceTree = "<group>"; };
		5ECECB0D23A4993100B2E486 /* YelpSearcher.swift */ = {isa = PBXFileReference; lastKnownFileType = sourcecode.swift; path = YelpSearcher.swift; sourceTree = "<group>"; };
		5ECECB0F23A5349800B2E486 /* ParallaxViewController.swift */ = {isa = PBXFileReference; lastKnownFileType = sourcecode.swift; path = ParallaxViewController.swift; sourceTree = "<group>"; };
		5ECECB1123A57DF000B2E486 /* ParallaxVerticalViewController.swift */ = {isa = PBXFileReference; lastKnownFileType = sourcecode.swift; path = ParallaxVerticalViewController.swift; sourceTree = "<group>"; };
		5ECECB1323A5802000B2E486 /* ImageTableViewCell.swift */ = {isa = PBXFileReference; lastKnownFileType = sourcecode.swift; path = ImageTableViewCell.swift; sourceTree = "<group>"; };
		6A1DED1F7DB00F45BAA9802D /* Pods-WaffleHouseSearch.debug.xcconfig */ = {isa = PBXFileReference; includeInIndex = 1; lastKnownFileType = text.xcconfig; name = "Pods-WaffleHouseSearch.debug.xcconfig"; path = "Target Support Files/Pods-WaffleHouseSearch/Pods-WaffleHouseSearch.debug.xcconfig"; sourceTree = "<group>"; };
		744AB6E38B26FA4588B9B3D3 /* Pods-WaffleHouseSearch.release.xcconfig */ = {isa = PBXFileReference; includeInIndex = 1; lastKnownFileType = text.xcconfig; name = "Pods-WaffleHouseSearch.release.xcconfig"; path = "Target Support Files/Pods-WaffleHouseSearch/Pods-WaffleHouseSearch.release.xcconfig"; sourceTree = "<group>"; };
		799C826EA9848E88E27B3741 /* Pods_WaffleHouseSearchTests.framework */ = {isa = PBXFileReference; explicitFileType = wrapper.framework; includeInIndex = 0; path = Pods_WaffleHouseSearchTests.framework; sourceTree = BUILT_PRODUCTS_DIR; };
		7C2035D7506FF0C53C515CDD /* Pods-WaffleHouseSearchTests.debug.xcconfig */ = {isa = PBXFileReference; includeInIndex = 1; lastKnownFileType = text.xcconfig; name = "Pods-WaffleHouseSearchTests.debug.xcconfig"; path = "Target Support Files/Pods-WaffleHouseSearchTests/Pods-WaffleHouseSearchTests.debug.xcconfig"; sourceTree = "<group>"; };
		B5F3AC5A63BC86A0F28B7422 /* Pods_WaffleHouseSearch.framework */ = {isa = PBXFileReference; explicitFileType = wrapper.framework; includeInIndex = 0; path = Pods_WaffleHouseSearch.framework; sourceTree = BUILT_PRODUCTS_DIR; };
		FD99283A476F4FDC2035DD12 /* Pods-WaffleHouseSearch-WaffleHouseSearchUITests.debug.xcconfig */ = {isa = PBXFileReference; includeInIndex = 1; lastKnownFileType = text.xcconfig; name = "Pods-WaffleHouseSearch-WaffleHouseSearchUITests.debug.xcconfig"; path = "Target Support Files/Pods-WaffleHouseSearch-WaffleHouseSearchUITests/Pods-WaffleHouseSearch-WaffleHouseSearchUITests.debug.xcconfig"; sourceTree = "<group>"; };
/* End PBXFileReference section */

/* Begin PBXFrameworksBuildPhase section */
		5E11A833239F0BDE0046244A /* Frameworks */ = {
			isa = PBXFrameworksBuildPhase;
			buildActionMask = 2147483647;
			files = (
				6648AA76ACC62FB1B879E3D0 /* Pods_WaffleHouseSearch.framework in Frameworks */,
			);
			runOnlyForDeploymentPostprocessing = 0;
		};
		5E11A84C239F0BE20046244A /* Frameworks */ = {
			isa = PBXFrameworksBuildPhase;
			buildActionMask = 2147483647;
			files = (
				784621A1BB510575EB7AA610 /* Pods_WaffleHouseSearchTests.framework in Frameworks */,
			);
			runOnlyForDeploymentPostprocessing = 0;
		};
		5E11A857239F0BE20046244A /* Frameworks */ = {
			isa = PBXFrameworksBuildPhase;
			buildActionMask = 2147483647;
			files = (
				BC1E3A8DDB7C0F6C1686C5EF /* Pods_WaffleHouseSearch_WaffleHouseSearchUITests.framework in Frameworks */,
			);
			runOnlyForDeploymentPostprocessing = 0;
		};
/* End PBXFrameworksBuildPhase section */

/* Begin PBXGroup section */
		330C9F78EAFBE56C16D08E0F /* Pods */ = {
			isa = PBXGroup;
			children = (
				6A1DED1F7DB00F45BAA9802D /* Pods-WaffleHouseSearch.debug.xcconfig */,
				744AB6E38B26FA4588B9B3D3 /* Pods-WaffleHouseSearch.release.xcconfig */,
				FD99283A476F4FDC2035DD12 /* Pods-WaffleHouseSearch-WaffleHouseSearchUITests.debug.xcconfig */,
				2D3AC569E0FFC9440C445795 /* Pods-WaffleHouseSearch-WaffleHouseSearchUITests.release.xcconfig */,
				7C2035D7506FF0C53C515CDD /* Pods-WaffleHouseSearchTests.debug.xcconfig */,
				0B5C8854D2B73E904A935B1C /* Pods-WaffleHouseSearchTests.release.xcconfig */,
			);
			path = Pods;
			sourceTree = "<group>";
		};
		5E11A82D239F0BDD0046244A = {
			isa = PBXGroup;
			children = (
				5E11A838239F0BDE0046244A /* WaffleHouseSearch */,
				5E11A852239F0BE20046244A /* WaffleHouseSearchTests */,
				5E11A85D239F0BE20046244A /* WaffleHouseSearchUITests */,
				5E11A837239F0BDE0046244A /* Products */,
				330C9F78EAFBE56C16D08E0F /* Pods */,
				FE6F36092ECF49D190284A09 /* Frameworks */,
			);
			sourceTree = "<group>";
		};
		5E11A837239F0BDE0046244A /* Products */ = {
			isa = PBXGroup;
			children = (
				5E11A836239F0BDE0046244A /* WaffleHouseSearch.app */,
				5E11A84F239F0BE20046244A /* WaffleHouseSearchTests.xctest */,
				5E11A85A239F0BE20046244A /* WaffleHouseSearchUITests.xctest */,
			);
			name = Products;
			sourceTree = "<group>";
		};
		5E11A838239F0BDE0046244A /* WaffleHouseSearch */ = {
			isa = PBXGroup;
			children = (
				5E11A839239F0BDE0046244A /* AppDelegate.swift */,
				5E50C3B623A6265100C4F339 /* ImageLoader.swift */,
				5E11A83B239F0BDE0046244A /* SceneDelegate.swift */,
				5E11A83D239F0BDE0046244A /* ViewController.swift */,
				5E3C7D2823A7062A00F3C024 /* Date_Exctension.swift */,
				5E50C3B223A610D700C4F339 /* DetailViewController.swift */,
				5E3C7D2023A6DED200F3C024 /* DetailParser.swift */,
				5E3C7D1C23A6DA8600F3C024 /* DetailData.swift */,
				5ECECB0D23A4993100B2E486 /* YelpSearcher.swift */,
				5E54442023A46983005A2113 /* YelpSearchViewController.swift */,
				5E3C7D1423A6A76800F3C024 /* RatingView.xib */,
				5E3C7D1623A6BC4300F3C024 /* RatingView.swift */,
				5ECECB0F23A5349800B2E486 /* ParallaxViewController.swift */,
				5ECECB1123A57DF000B2E486 /* ParallaxVerticalViewController.swift */,
				5ECECB1323A5802000B2E486 /* ImageTableViewCell.swift */,
				5E0591E2239F26170075E8F3 /* SearchParser.swift */,
				5E0591E4239F26920075E8F3 /* SearchData.swift */,
				5E11A86E239F1D7A0046244A /* NetworkController.swift */,
				5E11A86C239F1A4D0046244A /* YelpURLs.swift */,
				5E0591E8239F46EB0075E8F3 /* YelpAPI.swift */,
				5E11A845239F0BE10046244A /* Assets.xcassets */,
				5E11A847239F0BE10046244A /* LaunchScreen.storyboard */,
				5E11A83F239F0BDE0046244A /* Main.storyboard */,
				5E11A84A239F0BE10046244A /* Info.plist */,
				5E11A842239F0BDE0046244A /* WaffleHouseSearch.xcdatamodeld */,
			);
			path = WaffleHouseSearch;
			sourceTree = "<group>";
		};
		5E11A852239F0BE20046244A /* WaffleHouseSearchTests */ = {
			isa = PBXGroup;
			children = (
				5E3C7D2A23A7069E00F3C024 /* DateExtensionTests.swift */,
				5E11A853239F0BE20046244A /* WaffleHouseSearchTests.swift */,
				5E3C7D1823A6D34A00F3C024 /* chick-fil-a_onSunday.json */,
				5E0591E6239F32610075E8F3 /* waffleHouseSearch.json */,
				5E3C7D2223A6E00E00F3C024 /* DetailParserTest.swift */,
				5E3C7D1E23A6DDED00F3C024 /* chick-fil-a_Detail.json */,
				5E3C7D2423A6E4F900F3C024 /* waffleHouse_Detail.json */,
				5E11A855239F0BE20046244A /* Info.plist */,
			);
			path = WaffleHouseSearchTests;
			sourceTree = "<group>";
		};
		5E11A85D239F0BE20046244A /* WaffleHouseSearchUITests */ = {
			isa = PBXGroup;
			children = (
				5E11A85E239F0BE20046244A /* WaffleHouseSearchUITests.swift */,
				5E11A860239F0BE20046244A /* Info.plist */,
			);
			path = WaffleHouseSearchUITests;
			sourceTree = "<group>";
		};
		FE6F36092ECF49D190284A09 /* Frameworks */ = {
			isa = PBXGroup;
			children = (
				B5F3AC5A63BC86A0F28B7422 /* Pods_WaffleHouseSearch.framework */,
				5E52234FD7DBFF25FB41BAB8 /* Pods_WaffleHouseSearch_WaffleHouseSearchUITests.framework */,
				799C826EA9848E88E27B3741 /* Pods_WaffleHouseSearchTests.framework */,
			);
			name = Frameworks;
			sourceTree = "<group>";
		};
/* End PBXGroup section */

/* Begin PBXNativeTarget section */
		5E11A835239F0BDE0046244A /* WaffleHouseSearch */ = {
			isa = PBXNativeTarget;
			buildConfigurationList = 5E11A863239F0BE20046244A /* Build configuration list for PBXNativeTarget "WaffleHouseSearch" */;
			buildPhases = (
				5A37ABFC280A98FFE88F1820 /* [CP] Check Pods Manifest.lock */,
				5E11A832239F0BDE0046244A /* Sources */,
				5E11A833239F0BDE0046244A /* Frameworks */,
				5E11A834239F0BDE0046244A /* Resources */,
				B357017558089A498D42FA13 /* [CP] Copy Pods Resources */,
				5E3C7D2C23A7DC8E00F3C024 /* ShellScript */,
			);
			buildRules = (
			);
			dependencies = (
			);
			name = WaffleHouseSearch;
			productName = WaffleHouseSearch;
			productReference = 5E11A836239F0BDE0046244A /* WaffleHouseSearch.app */;
			productType = "com.apple.product-type.application";
		};
		5E11A84E239F0BE20046244A /* WaffleHouseSearchTests */ = {
			isa = PBXNativeTarget;
			buildConfigurationList = 5E11A866239F0BE20046244A /* Build configuration list for PBXNativeTarget "WaffleHouseSearchTests" */;
			buildPhases = (
				2CC6837A441ECF1309F39A61 /* [CP] Check Pods Manifest.lock */,
				5E11A84B239F0BE20046244A /* Sources */,
				5E11A84C239F0BE20046244A /* Frameworks */,
				5E11A84D239F0BE20046244A /* Resources */,
			);
			buildRules = (
			);
			dependencies = (
				5E11A851239F0BE20046244A /* PBXTargetDependency */,
			);
			name = WaffleHouseSearchTests;
			productName = WaffleHouseSearchTests;
			productReference = 5E11A84F239F0BE20046244A /* WaffleHouseSearchTests.xctest */;
			productType = "com.apple.product-type.bundle.unit-test";
		};
		5E11A859239F0BE20046244A /* WaffleHouseSearchUITests */ = {
			isa = PBXNativeTarget;
			buildConfigurationList = 5E11A869239F0BE20046244A /* Build configuration list for PBXNativeTarget "WaffleHouseSearchUITests" */;
			buildPhases = (
				592405BC4F7265EEE8A87A73 /* [CP] Check Pods Manifest.lock */,
				5E11A856239F0BE20046244A /* Sources */,
				5E11A857239F0BE20046244A /* Frameworks */,
				5E11A858239F0BE20046244A /* Resources */,
				97D0CCC1DA84258E1CD6066D /* [CP] Copy Pods Resources */,
			);
			buildRules = (
			);
			dependencies = (
				5E11A85C239F0BE20046244A /* PBXTargetDependency */,
			);
			name = WaffleHouseSearchUITests;
			productName = WaffleHouseSearchUITests;
			productReference = 5E11A85A239F0BE20046244A /* WaffleHouseSearchUITests.xctest */;
			productType = "com.apple.product-type.bundle.ui-testing";
		};
/* End PBXNativeTarget section */

/* Begin PBXProject section */
		5E11A82E239F0BDD0046244A /* Project object */ = {
			isa = PBXProject;
			attributes = {
				LastSwiftUpdateCheck = 1120;
				LastUpgradeCheck = 1120;
				ORGANIZATIONNAME = dirtbag;
				TargetAttributes = {
					5E11A835239F0BDE0046244A = {
						CreatedOnToolsVersion = 11.2.1;
					};
					5E11A84E239F0BE20046244A = {
						CreatedOnToolsVersion = 11.2.1;
						TestTargetID = 5E11A835239F0BDE0046244A;
					};
					5E11A859239F0BE20046244A = {
						CreatedOnToolsVersion = 11.2.1;
						TestTargetID = 5E11A835239F0BDE0046244A;
					};
				};
			};
			buildConfigurationList = 5E11A831239F0BDD0046244A /* Build configuration list for PBXProject "WaffleHouseSearch" */;
			compatibilityVersion = "Xcode 9.3";
			developmentRegion = en;
			hasScannedForEncodings = 0;
			knownRegions = (
				en,
				Base,
			);
			mainGroup = 5E11A82D239F0BDD0046244A;
			productRefGroup = 5E11A837239F0BDE0046244A /* Products */;
			projectDirPath = "";
			projectRoot = "";
			targets = (
				5E11A835239F0BDE0046244A /* WaffleHouseSearch */,
				5E11A84E239F0BE20046244A /* WaffleHouseSearchTests */,
				5E11A859239F0BE20046244A /* WaffleHouseSearchUITests */,
			);
		};
/* End PBXProject section */

/* Begin PBXResourcesBuildPhase section */
		5E11A834239F0BDE0046244A /* Resources */ = {
			isa = PBXResourcesBuildPhase;
			buildActionMask = 2147483647;
			files = (
				5E11A849239F0BE10046244A /* LaunchScreen.storyboard in Resources */,
				5E11A846239F0BE10046244A /* Assets.xcassets in Resources */,
				5E11A841239F0BDE0046244A /* Main.storyboard in Resources */,
				5E3C7D1523A6A76800F3C024 /* RatingView.xib in Resources */,
			);
			runOnlyForDeploymentPostprocessing = 0;
		};
		5E11A84D239F0BE20046244A /* Resources */ = {
			isa = PBXResourcesBuildPhase;
			buildActionMask = 2147483647;
			files = (
				5E3C7D1F23A6DDED00F3C024 /* chick-fil-a_Detail.json in Resources */,
				5E0591E7239F32610075E8F3 /* waffleHouseSearch.json in Resources */,
				5E3C7D2523A6E4F900F3C024 /* waffleHouse_Detail.json in Resources */,
				5E3C7D1923A6D34A00F3C024 /* chick-fil-a_onSunday.json in Resources */,
			);
			runOnlyForDeploymentPostprocessing = 0;
		};
		5E11A858239F0BE20046244A /* Resources */ = {
			isa = PBXResourcesBuildPhase;
			buildActionMask = 2147483647;
			files = (
			);
			runOnlyForDeploymentPostprocessing = 0;
		};
/* End PBXResourcesBuildPhase section */

/* Begin PBXShellScriptBuildPhase section */
		2CC6837A441ECF1309F39A61 /* [CP] Check Pods Manifest.lock */ = {
			isa = PBXShellScriptBuildPhase;
			buildActionMask = 2147483647;
			files = (
			);
			inputFileListPaths = (
			);
			inputPaths = (
				"${PODS_PODFILE_DIR_PATH}/Podfile.lock",
				"${PODS_ROOT}/Manifest.lock",
			);
			name = "[CP] Check Pods Manifest.lock";
			outputFileListPaths = (
			);
			outputPaths = (
				"$(DERIVED_FILE_DIR)/Pods-WaffleHouseSearchTests-checkManifestLockResult.txt",
			);
			runOnlyForDeploymentPostprocessing = 0;
			shellPath = /bin/sh;
			shellScript = "diff \"${PODS_PODFILE_DIR_PATH}/Podfile.lock\" \"${PODS_ROOT}/Manifest.lock\" > /dev/null\nif [ $? != 0 ] ; then\n    # print error to STDERR\n    echo \"error: The sandbox is not in sync with the Podfile.lock. Run 'pod install' or update your CocoaPods installation.\" >&2\n    exit 1\nfi\n# This output is used by Xcode 'outputs' to avoid re-running this script phase.\necho \"SUCCESS\" > \"${SCRIPT_OUTPUT_FILE_0}\"\n";
			showEnvVarsInLog = 0;
		};
		592405BC4F7265EEE8A87A73 /* [CP] Check Pods Manifest.lock */ = {
			isa = PBXShellScriptBuildPhase;
			buildActionMask = 2147483647;
			files = (
			);
			inputFileListPaths = (
			);
			inputPaths = (
				"${PODS_PODFILE_DIR_PATH}/Podfile.lock",
				"${PODS_ROOT}/Manifest.lock",
			);
			name = "[CP] Check Pods Manifest.lock";
			outputFileListPaths = (
			);
			outputPaths = (
				"$(DERIVED_FILE_DIR)/Pods-WaffleHouseSearch-WaffleHouseSearchUITests-checkManifestLockResult.txt",
			);
			runOnlyForDeploymentPostprocessing = 0;
			shellPath = /bin/sh;
			shellScript = "diff \"${PODS_PODFILE_DIR_PATH}/Podfile.lock\" \"${PODS_ROOT}/Manifest.lock\" > /dev/null\nif [ $? != 0 ] ; then\n    # print error to STDERR\n    echo \"error: The sandbox is not in sync with the Podfile.lock. Run 'pod install' or update your CocoaPods installation.\" >&2\n    exit 1\nfi\n# This output is used by Xcode 'outputs' to avoid re-running this script phase.\necho \"SUCCESS\" > \"${SCRIPT_OUTPUT_FILE_0}\"\n";
			showEnvVarsInLog = 0;
		};
		5A37ABFC280A98FFE88F1820 /* [CP] Check Pods Manifest.lock */ = {
			isa = PBXShellScriptBuildPhase;
			buildActionMask = 2147483647;
			files = (
			);
			inputFileListPaths = (
			);
			inputPaths = (
				"${PODS_PODFILE_DIR_PATH}/Podfile.lock",
				"${PODS_ROOT}/Manifest.lock",
			);
			name = "[CP] Check Pods Manifest.lock";
			outputFileListPaths = (
			);
			outputPaths = (
				"$(DERIVED_FILE_DIR)/Pods-WaffleHouseSearch-checkManifestLockResult.txt",
			);
			runOnlyForDeploymentPostprocessing = 0;
			shellPath = /bin/sh;
			shellScript = "diff \"${PODS_PODFILE_DIR_PATH}/Podfile.lock\" \"${PODS_ROOT}/Manifest.lock\" > /dev/null\nif [ $? != 0 ] ; then\n    # print error to STDERR\n    echo \"error: The sandbox is not in sync with the Podfile.lock. Run 'pod install' or update your CocoaPods installation.\" >&2\n    exit 1\nfi\n# This output is used by Xcode 'outputs' to avoid re-running this script phase.\necho \"SUCCESS\" > \"${SCRIPT_OUTPUT_FILE_0}\"\n";
			showEnvVarsInLog = 0;
		};
		5E3C7D2C23A7DC8E00F3C024 /* ShellScript */ = {
			isa = PBXShellScriptBuildPhase;
			buildActionMask = 2147483647;
			files = (
			);
			inputFileListPaths = (
			);
			inputPaths = (
			);
			outputFileListPaths = (
			);
			outputPaths = (
			);
			runOnlyForDeploymentPostprocessing = 0;
			shellPath = /bin/sh;
			shellScript = "if which swiftlint >/dev/null; then\n  swiftlint\nelse\n  echo \"warning: SwiftLint not installed, download from https://github.com/realm/SwiftLint\"\nfi\n";
		};
		97D0CCC1DA84258E1CD6066D /* [CP] Copy Pods Resources */ = {
			isa = PBXShellScriptBuildPhase;
			buildActionMask = 2147483647;
			files = (
			);
			inputFileListPaths = (
				"${PODS_ROOT}/Target Support Files/Pods-WaffleHouseSearch-WaffleHouseSearchUITests/Pods-WaffleHouseSearch-WaffleHouseSearchUITests-resources-${CONFIGURATION}-input-files.xcfilelist",
			);
			name = "[CP] Copy Pods Resources";
			outputFileListPaths = (
				"${PODS_ROOT}/Target Support Files/Pods-WaffleHouseSearch-WaffleHouseSearchUITests/Pods-WaffleHouseSearch-WaffleHouseSearchUITests-resources-${CONFIGURATION}-output-files.xcfilelist",
			);
			runOnlyForDeploymentPostprocessing = 0;
			shellPath = /bin/sh;
			shellScript = "\"${PODS_ROOT}/Target Support Files/Pods-WaffleHouseSearch-WaffleHouseSearchUITests/Pods-WaffleHouseSearch-WaffleHouseSearchUITests-resources.sh\"\n";
			showEnvVarsInLog = 0;
		};
		B357017558089A498D42FA13 /* [CP] Copy Pods Resources */ = {
			isa = PBXShellScriptBuildPhase;
			buildActionMask = 2147483647;
			files = (
			);
			inputFileListPaths = (
				"${PODS_ROOT}/Target Support Files/Pods-WaffleHouseSearch/Pods-WaffleHouseSearch-resources-${CONFIGURATION}-input-files.xcfilelist",
			);
			name = "[CP] Copy Pods Resources";
			outputFileListPaths = (
				"${PODS_ROOT}/Target Support Files/Pods-WaffleHouseSearch/Pods-WaffleHouseSearch-resources-${CONFIGURATION}-output-files.xcfilelist",
			);
			runOnlyForDeploymentPostprocessing = 0;
			shellPath = /bin/sh;
			shellScript = "\"${PODS_ROOT}/Target Support Files/Pods-WaffleHouseSearch/Pods-WaffleHouseSearch-resources.sh\"\n";
			showEnvVarsInLog = 0;
		};
/* End PBXShellScriptBuildPhase section */

/* Begin PBXSourcesBuildPhase section */
		5E11A832239F0BDE0046244A /* Sources */ = {
			isa = PBXSourcesBuildPhase;
			buildActionMask = 2147483647;
			files = (
				5E11A83E239F0BDE0046244A /* ViewController.swift in Sources */,
				5ECECB0E23A4993100B2E486 /* YelpSearcher.swift in Sources */,
				5E11A844239F0BDE0046244A /* WaffleHouseSearch.xcdatamodeld in Sources */,
				5E11A86F239F1D7A0046244A /* NetworkController.swift in Sources */,
				5E0591E9239F46EB0075E8F3 /* YelpAPI.swift in Sources */,
				5E3C7D2923A7062A00F3C024 /* Date_Exctension.swift in Sources */,
				5ECECB1223A57DF000B2E486 /* ParallaxVerticalViewController.swift in Sources */,
				5E50C3B723A6265100C4F339 /* ImageLoader.swift in Sources */,
				5E0591E5239F26920075E8F3 /* SearchData.swift in Sources */,
				5ECECB1423A5802000B2E486 /* ImageTableViewCell.swift in Sources */,
				5E0591E3239F26170075E8F3 /* SearchParser.swift in Sources */,
				5ECECB1023A5349800B2E486 /* ParallaxViewController.swift in Sources */,
				5E3C7D1723A6BC4300F3C024 /* RatingView.swift in Sources */,
				5E3C7D1D23A6DA8600F3C024 /* DetailData.swift in Sources */,
				5E3C7D2123A6DED200F3C024 /* DetailParser.swift in Sources */,
				5E50C3B323A610D700C4F339 /* DetailViewController.swift in Sources */,
				5E11A83A239F0BDE0046244A /* AppDelegate.swift in Sources */,
				5E11A86D239F1A4D0046244A /* YelpURLs.swift in Sources */,
				5E54442123A46983005A2113 /* YelpSearchViewController.swift in Sources */,
				5E11A83C239F0BDE0046244A /* SceneDelegate.swift in Sources */,
			);
			runOnlyForDeploymentPostprocessing = 0;
		};
		5E11A84B239F0BE20046244A /* Sources */ = {
			isa = PBXSourcesBuildPhase;
			buildActionMask = 2147483647;
			files = (
				5E11A854239F0BE20046244A /* WaffleHouseSearchTests.swift in Sources */,
				5E3C7D2B23A7069E00F3C024 /* DateExtensionTests.swift in Sources */,
				5E3C7D2323A6E00E00F3C024 /* DetailParserTest.swift in Sources */,
			);
			runOnlyForDeploymentPostprocessing = 0;
		};
		5E11A856239F0BE20046244A /* Sources */ = {
			isa = PBXSourcesBuildPhase;
			buildActionMask = 2147483647;
			files = (
				5E11A85F239F0BE20046244A /* WaffleHouseSearchUITests.swift in Sources */,
			);
			runOnlyForDeploymentPostprocessing = 0;
		};
/* End PBXSourcesBuildPhase section */

/* Begin PBXTargetDependency section */
		5E11A851239F0BE20046244A /* PBXTargetDependency */ = {
			isa = PBXTargetDependency;
			target = 5E11A835239F0BDE0046244A /* WaffleHouseSearch */;
			targetProxy = 5E11A850239F0BE20046244A /* PBXContainerItemProxy */;
		};
		5E11A85C239F0BE20046244A /* PBXTargetDependency */ = {
			isa = PBXTargetDependency;
			target = 5E11A835239F0BDE0046244A /* WaffleHouseSearch */;
			targetProxy = 5E11A85B239F0BE20046244A /* PBXContainerItemProxy */;
		};
/* End PBXTargetDependency section */

/* Begin PBXVariantGroup section */
		5E11A83F239F0BDE0046244A /* Main.storyboard */ = {
			isa = PBXVariantGroup;
			children = (
				5E11A840239F0BDE0046244A /* Base */,
			);
			name = Main.storyboard;
			sourceTree = "<group>";
		};
		5E11A847239F0BE10046244A /* LaunchScreen.storyboard */ = {
			isa = PBXVariantGroup;
			children = (
				5E11A848239F0BE10046244A /* Base */,
			);
			name = LaunchScreen.storyboard;
			sourceTree = "<group>";
		};
/* End PBXVariantGroup section */

/* Begin XCBuildConfiguration section */
		5E11A861239F0BE20046244A /* Debug */ = {
			isa = XCBuildConfiguration;
			buildSettings = {
				ALWAYS_SEARCH_USER_PATHS = NO;
				CLANG_ANALYZER_NONNULL = YES;
				CLANG_ANALYZER_NUMBER_OBJECT_CONVERSION = YES_AGGRESSIVE;
				CLANG_CXX_LANGUAGE_STANDARD = "gnu++14";
				CLANG_CXX_LIBRARY = "libc++";
				CLANG_ENABLE_MODULES = YES;
				CLANG_ENABLE_OBJC_ARC = YES;
				CLANG_ENABLE_OBJC_WEAK = YES;
				CLANG_WARN_BLOCK_CAPTURE_AUTORELEASING = YES;
				CLANG_WARN_BOOL_CONVERSION = YES;
				CLANG_WARN_COMMA = YES;
				CLANG_WARN_CONSTANT_CONVERSION = YES;
				CLANG_WARN_DEPRECATED_OBJC_IMPLEMENTATIONS = YES;
				CLANG_WARN_DIRECT_OBJC_ISA_USAGE = YES_ERROR;
				CLANG_WARN_DOCUMENTATION_COMMENTS = YES;
				CLANG_WARN_EMPTY_BODY = YES;
				CLANG_WARN_ENUM_CONVERSION = YES;
				CLANG_WARN_INFINITE_RECURSION = YES;
				CLANG_WARN_INT_CONVERSION = YES;
				CLANG_WARN_NON_LITERAL_NULL_CONVERSION = YES;
				CLANG_WARN_OBJC_IMPLICIT_RETAIN_SELF = YES;
				CLANG_WARN_OBJC_LITERAL_CONVERSION = YES;
				CLANG_WARN_OBJC_ROOT_CLASS = YES_ERROR;
				CLANG_WARN_RANGE_LOOP_ANALYSIS = YES;
				CLANG_WARN_STRICT_PROTOTYPES = YES;
				CLANG_WARN_SUSPICIOUS_MOVE = YES;
				CLANG_WARN_UNGUARDED_AVAILABILITY = YES_AGGRESSIVE;
				CLANG_WARN_UNREACHABLE_CODE = YES;
				CLANG_WARN__DUPLICATE_METHOD_MATCH = YES;
				COPY_PHASE_STRIP = NO;
				DEBUG_INFORMATION_FORMAT = dwarf;
				ENABLE_STRICT_OBJC_MSGSEND = YES;
				ENABLE_TESTABILITY = YES;
				GCC_C_LANGUAGE_STANDARD = gnu11;
				GCC_DYNAMIC_NO_PIC = NO;
				GCC_NO_COMMON_BLOCKS = YES;
				GCC_OPTIMIZATION_LEVEL = 0;
				GCC_PREPROCESSOR_DEFINITIONS = (
					"DEBUG=1",
					"$(inherited)",
				);
				GCC_WARN_64_TO_32_BIT_CONVERSION = YES;
				GCC_WARN_ABOUT_RETURN_TYPE = YES_ERROR;
				GCC_WARN_UNDECLARED_SELECTOR = YES;
				GCC_WARN_UNINITIALIZED_AUTOS = YES_AGGRESSIVE;
				GCC_WARN_UNUSED_FUNCTION = YES;
				GCC_WARN_UNUSED_VARIABLE = YES;
				IPHONEOS_DEPLOYMENT_TARGET = 13.2;
				MTL_ENABLE_DEBUG_INFO = INCLUDE_SOURCE;
				MTL_FAST_MATH = YES;
				ONLY_ACTIVE_ARCH = YES;
				SDKROOT = iphoneos;
				SWIFT_ACTIVE_COMPILATION_CONDITIONS = DEBUG;
				SWIFT_OPTIMIZATION_LEVEL = "-Onone";
			};
			name = Debug;
		};
		5E11A862239F0BE20046244A /* Release */ = {
			isa = XCBuildConfiguration;
			buildSettings = {
				ALWAYS_SEARCH_USER_PATHS = NO;
				CLANG_ANALYZER_NONNULL = YES;
				CLANG_ANALYZER_NUMBER_OBJECT_CONVERSION = YES_AGGRESSIVE;
				CLANG_CXX_LANGUAGE_STANDARD = "gnu++14";
				CLANG_CXX_LIBRARY = "libc++";
				CLANG_ENABLE_MODULES = YES;
				CLANG_ENABLE_OBJC_ARC = YES;
				CLANG_ENABLE_OBJC_WEAK = YES;
				CLANG_WARN_BLOCK_CAPTURE_AUTORELEASING = YES;
				CLANG_WARN_BOOL_CONVERSION = YES;
				CLANG_WARN_COMMA = YES;
				CLANG_WARN_CONSTANT_CONVERSION = YES;
				CLANG_WARN_DEPRECATED_OBJC_IMPLEMENTATIONS = YES;
				CLANG_WARN_DIRECT_OBJC_ISA_USAGE = YES_ERROR;
				CLANG_WARN_DOCUMENTATION_COMMENTS = YES;
				CLANG_WARN_EMPTY_BODY = YES;
				CLANG_WARN_ENUM_CONVERSION = YES;
				CLANG_WARN_INFINITE_RECURSION = YES;
				CLANG_WARN_INT_CONVERSION = YES;
				CLANG_WARN_NON_LITERAL_NULL_CONVERSION = YES;
				CLANG_WARN_OBJC_IMPLICIT_RETAIN_SELF = YES;
				CLANG_WARN_OBJC_LITERAL_CONVERSION = YES;
				CLANG_WARN_OBJC_ROOT_CLASS = YES_ERROR;
				CLANG_WARN_RANGE_LOOP_ANALYSIS = YES;
				CLANG_WARN_STRICT_PROTOTYPES = YES;
				CLANG_WARN_SUSPICIOUS_MOVE = YES;
				CLANG_WARN_UNGUARDED_AVAILABILITY = YES_AGGRESSIVE;
				CLANG_WARN_UNREACHABLE_CODE = YES;
				CLANG_WARN__DUPLICATE_METHOD_MATCH = YES;
				COPY_PHASE_STRIP = NO;
				DEBUG_INFORMATION_FORMAT = "dwarf-with-dsym";
				ENABLE_NS_ASSERTIONS = NO;
				ENABLE_STRICT_OBJC_MSGSEND = YES;
				GCC_C_LANGUAGE_STANDARD = gnu11;
				GCC_NO_COMMON_BLOCKS = YES;
				GCC_WARN_64_TO_32_BIT_CONVERSION = YES;
				GCC_WARN_ABOUT_RETURN_TYPE = YES_ERROR;
				GCC_WARN_UNDECLARED_SELECTOR = YES;
				GCC_WARN_UNINITIALIZED_AUTOS = YES_AGGRESSIVE;
				GCC_WARN_UNUSED_FUNCTION = YES;
				GCC_WARN_UNUSED_VARIABLE = YES;
				IPHONEOS_DEPLOYMENT_TARGET = 13.2;
				MTL_ENABLE_DEBUG_INFO = NO;
				MTL_FAST_MATH = YES;
				SDKROOT = iphoneos;
				SWIFT_COMPILATION_MODE = wholemodule;
				SWIFT_OPTIMIZATION_LEVEL = "-O";
				VALIDATE_PRODUCT = YES;
			};
			name = Release;
		};
		5E11A864239F0BE20046244A /* Debug */ = {
			isa = XCBuildConfiguration;
			baseConfigurationReference = 6A1DED1F7DB00F45BAA9802D /* Pods-WaffleHouseSearch.debug.xcconfig */;
			buildSettings = {
				ASSETCATALOG_COMPILER_APPICON_NAME = AppIcon;
				CODE_SIGN_STYLE = Automatic;
				INFOPLIST_FILE = WaffleHouseSearch/Info.plist;
				LD_RUNPATH_SEARCH_PATHS = (
					"$(inherited)",
					"@executable_path/Frameworks",
				);
				PRODUCT_BUNDLE_IDENTIFIER = com.mcgoldricksolutions.WaffleHouseSearch;
				PRODUCT_NAME = "$(TARGET_NAME)";
				SWIFT_VERSION = 5.0;
				TARGETED_DEVICE_FAMILY = "1,2";
			};
			name = Debug;
		};
		5E11A865239F0BE20046244A /* Release */ = {
			isa = XCBuildConfiguration;
			baseConfigurationReference = 744AB6E38B26FA4588B9B3D3 /* Pods-WaffleHouseSearch.release.xcconfig */;
			buildSettings = {
				ASSETCATALOG_COMPILER_APPICON_NAME = AppIcon;
				CODE_SIGN_STYLE = Automatic;
				INFOPLIST_FILE = WaffleHouseSearch/Info.plist;
				LD_RUNPATH_SEARCH_PATHS = (
					"$(inherited)",
					"@executable_path/Frameworks",
				);
				PRODUCT_BUNDLE_IDENTIFIER = com.mcgoldricksolutions.WaffleHouseSearch;
				PRODUCT_NAME = "$(TARGET_NAME)";
				SWIFT_VERSION = 5.0;
				TARGETED_DEVICE_FAMILY = "1,2";
			};
			name = Release;
		};
		5E11A867239F0BE20046244A /* Debug */ = {
			isa = XCBuildConfiguration;
			baseConfigurationReference = 7C2035D7506FF0C53C515CDD /* Pods-WaffleHouseSearchTests.debug.xcconfig */;
			buildSettings = {
				ALWAYS_EMBED_SWIFT_STANDARD_LIBRARIES = YES;
				BUNDLE_LOADER = "$(TEST_HOST)";
				CODE_SIGN_STYLE = Automatic;
				INFOPLIST_FILE = WaffleHouseSearchTests/Info.plist;
				IPHONEOS_DEPLOYMENT_TARGET = 13.2;
				LD_RUNPATH_SEARCH_PATHS = (
					"$(inherited)",
					"@executable_path/Frameworks",
					"@loader_path/Frameworks",
				);
				PRODUCT_BUNDLE_IDENTIFIER = com.mcgoldricksolutions.WaffleHouseSearchTests;
				PRODUCT_NAME = "$(TARGET_NAME)";
				SWIFT_VERSION = 5.0;
				TARGETED_DEVICE_FAMILY = "1,2";
				TEST_HOST = "$(BUILT_PRODUCTS_DIR)/WaffleHouseSearch.app/WaffleHouseSearch";
			};
			name = Debug;
		};
		5E11A868239F0BE20046244A /* Release */ = {
			isa = XCBuildConfiguration;
			baseConfigurationReference = 0B5C8854D2B73E904A935B1C /* Pods-WaffleHouseSearchTests.release.xcconfig */;
			buildSettings = {
				ALWAYS_EMBED_SWIFT_STANDARD_LIBRARIES = YES;
				BUNDLE_LOADER = "$(TEST_HOST)";
				CODE_SIGN_STYLE = Automatic;
				INFOPLIST_FILE = WaffleHouseSearchTests/Info.plist;
				IPHONEOS_DEPLOYMENT_TARGET = 13.2;
				LD_RUNPATH_SEARCH_PATHS = (
					"$(inherited)",
					"@executable_path/Frameworks",
					"@loader_path/Frameworks",
				);
				PRODUCT_BUNDLE_IDENTIFIER = com.mcgoldricksolutions.WaffleHouseSearchTests;
				PRODUCT_NAME = "$(TARGET_NAME)";
				SWIFT_VERSION = 5.0;
				TARGETED_DEVICE_FAMILY = "1,2";
				TEST_HOST = "$(BUILT_PRODUCTS_DIR)/WaffleHouseSearch.app/WaffleHouseSearch";
			};
			name = Release;
		};
		5E11A86A239F0BE20046244A /* Debug */ = {
			isa = XCBuildConfiguration;
			baseConfigurationReference = FD99283A476F4FDC2035DD12 /* Pods-WaffleHouseSearch-WaffleHouseSearchUITests.debug.xcconfig */;
			buildSettings = {
				ALWAYS_EMBED_SWIFT_STANDARD_LIBRARIES = YES;
				CODE_SIGN_STYLE = Automatic;
				INFOPLIST_FILE = WaffleHouseSearchUITests/Info.plist;
				LD_RUNPATH_SEARCH_PATHS = (
					"$(inherited)",
					"@executable_path/Frameworks",
					"@loader_path/Frameworks",
				);
				PRODUCT_BUNDLE_IDENTIFIER = com.mcgoldricksolutions.WaffleHouseSearchUITests;
				PRODUCT_NAME = "$(TARGET_NAME)";
				SWIFT_VERSION = 5.0;
				TARGETED_DEVICE_FAMILY = "1,2";
				TEST_TARGET_NAME = WaffleHouseSearch;
			};
			name = Debug;
		};
		5E11A86B239F0BE20046244A /* Release */ = {
			isa = XCBuildConfiguration;
			baseConfigurationReference = 2D3AC569E0FFC9440C445795 /* Pods-WaffleHouseSearch-WaffleHouseSearchUITests.release.xcconfig */;
			buildSettings = {
				ALWAYS_EMBED_SWIFT_STANDARD_LIBRARIES = YES;
				CODE_SIGN_STYLE = Automatic;
				INFOPLIST_FILE = WaffleHouseSearchUITests/Info.plist;
				LD_RUNPATH_SEARCH_PATHS = (
					"$(inherited)",
					"@executable_path/Frameworks",
					"@loader_path/Frameworks",
				);
				PRODUCT_BUNDLE_IDENTIFIER = com.mcgoldricksolutions.WaffleHouseSearchUITests;
				PRODUCT_NAME = "$(TARGET_NAME)";
				SWIFT_VERSION = 5.0;
				TARGETED_DEVICE_FAMILY = "1,2";
				TEST_TARGET_NAME = WaffleHouseSearch;
			};
			name = Release;
		};
/* End XCBuildConfiguration section */

/* Begin XCConfigurationList section */
		5E11A831239F0BDD0046244A /* Build configuration list for PBXProject "WaffleHouseSearch" */ = {
			isa = XCConfigurationList;
			buildConfigurations = (
				5E11A861239F0BE20046244A /* Debug */,
				5E11A862239F0BE20046244A /* Release */,
			);
			defaultConfigurationIsVisible = 0;
			defaultConfigurationName = Release;
		};
		5E11A863239F0BE20046244A /* Build configuration list for PBXNativeTarget "WaffleHouseSearch" */ = {
			isa = XCConfigurationList;
			buildConfigurations = (
				5E11A864239F0BE20046244A /* Debug */,
				5E11A865239F0BE20046244A /* Release */,
			);
			defaultConfigurationIsVisible = 0;
			defaultConfigurationName = Release;
		};
		5E11A866239F0BE20046244A /* Build configuration list for PBXNativeTarget "WaffleHouseSearchTests" */ = {
			isa = XCConfigurationList;
			buildConfigurations = (
				5E11A867239F0BE20046244A /* Debug */,
				5E11A868239F0BE20046244A /* Release */,
			);
			defaultConfigurationIsVisible = 0;
			defaultConfigurationName = Release;
		};
		5E11A869239F0BE20046244A /* Build configuration list for PBXNativeTarget "WaffleHouseSearchUITests" */ = {
			isa = XCConfigurationList;
			buildConfigurations = (
				5E11A86A239F0BE20046244A /* Debug */,
				5E11A86B239F0BE20046244A /* Release */,
			);
			defaultConfigurationIsVisible = 0;
			defaultConfigurationName = Release;
		};
/* End XCConfigurationList section */

/* Begin XCVersionGroup section */
		5E11A842239F0BDE0046244A /* WaffleHouseSearch.xcdatamodeld */ = {
			isa = XCVersionGroup;
			children = (
				5E11A843239F0BDE0046244A /* WaffleHouseSearch.xcdatamodel */,
			);
			currentVersion = 5E11A843239F0BDE0046244A /* WaffleHouseSearch.xcdatamodel */;
			path = WaffleHouseSearch.xcdatamodeld;
			sourceTree = "<group>";
			versionGroupType = wrapper.xcdatamodel;
		};
/* End XCVersionGroup section */
	};
	rootObject = 5E11A82E239F0BDD0046244A /* Project object */;
}
