PODS:
  - GoogleMaps (3.6.0):
    - GoogleMaps/Maps (= 3.6.0)
  - GoogleMaps/Base (3.6.0)
  - GoogleMaps/Maps (3.6.0):
    - GoogleMaps/Base
  - YelpHelper (0.0.1)

DEPENDENCIES:
  - GoogleMaps
  - YelpHelper (from `../YelpHelper`)

SPEC REPOS:
  trunk:
    - GoogleMaps

EXTERNAL SOURCES:
  YelpHelper:
    :path: "../YelpHelper"

SPEC CHECKSUMS:
  GoogleMaps: 82f8fe307193bb4de6ef6bf9e88f1d624b718f9d
  YelpHelper: fda838547cff9a541bbaf938a0a41deb869a925e

PODFILE CHECKSUM: 17ccd8dc4d12c28a526898f7f6064b4239959f05

COCOAPODS: 1.8.4
